
Microsoft Visual Studio Solution File, Format Version 12.00
Project("{FAE04EC0-301F-11D3-BF4B-00C04F79EFBC}") = "ApplicationStatus.API", "ApplicationStatus.API\ApplicationStatus.API.csproj", "{9CE4ED42-92C9-4AE8-A50D-B83508B2EFD8}"
EndProject
Project("{2150E333-8FDC-42A3-9474-1A3956D46DE8}") = "Solution Items", "Solution Items", "{F6F1B984-7DBA-4411-AE93-4D89FF122054}"
	ProjectSection(SolutionItems) = preProject
		compose.yaml = compose.yaml
	EndProjectSection
EndProject
Project("{FAE04EC0-301F-11D3-BF4B-00C04F79EFBC}") = "ApplicationStatus.Data", "ApplicationStatus.Data\ApplicationStatus.Data.csproj", "{C01A4735-B2F8-4EFE-8ED0-CCD9744D90EB}"
EndProject
Project("{FAE04EC0-301F-11D3-BF4B-00C04F79EFBC}") = "ApplicationStatus.Models", "ApplicationStatus.Models\ApplicationStatus.Models.csproj", "{3F854185-5CFC-4465-A69C-4393A04BD876}"
EndProject
Project("{FAE04EC0-301F-11D3-BF4B-00C04F79EFBC}") = "ApplicationStatus.Services", "ApplicationStatus.Services\ApplicationStatus.Services.csproj", "{D82DD468-350B-4BB2-B664-B9B6B358234A}"
EndProject
Global
	GlobalSection(SolutionConfigurationPlatforms) = preSolution
		Debug|Any CPU = Debug|Any CPU
		Release|Any CPU = Release|Any CPU
	EndGlobalSection
	GlobalSection(ProjectConfigurationPlatforms) = postSolution
		{9CE4ED42-92C9-4AE8-A50D-B83508B2EFD8}.Debug|Any CPU.ActiveCfg = Debug|Any CPU
		{9CE4ED42-92C9-4AE8-A50D-B83508B2EFD8}.Debug|Any CPU.Build.0 = Debug|Any CPU
		{9CE4ED42-92C9-4AE8-A50D-B83508B2EFD8}.Release|Any CPU.ActiveCfg = Release|Any CPU
		{9CE4ED42-92C9-4AE8-A50D-B83508B2EFD8}.Release|Any CPU.Build.0 = Release|Any CPU
		{C01A4735-B2F8-4EFE-8ED0-CCD9744D90EB}.Debug|Any CPU.ActiveCfg = Debug|Any CPU
		{C01A4735-B2F8-4EFE-8ED0-CCD9744D90EB}.Debug|Any CPU.Build.0 = Debug|Any CPU
		{C01A4735-B2F8-4EFE-8ED0-CCD9744D90EB}.Release|Any CPU.ActiveCfg = Release|Any CPU
		{C01A4735-B2F8-4EFE-8ED0-CCD9744D90EB}.Release|Any CPU.Build.0 = Release|Any CPU
		{3F854185-5CFC-4465-A69C-4393A04BD876}.Debug|Any CPU.ActiveCfg = Debug|Any CPU
		{3F854185-5CFC-4465-A69C-4393A04BD876}.Debug|Any CPU.Build.0 = Debug|Any CPU
		{3F854185-5CFC-4465-A69C-4393A04BD876}.Release|Any CPU.ActiveCfg = Release|Any CPU
		{3F854185-5CFC-4465-A69C-4393A04BD876}.Release|Any CPU.Build.0 = Release|Any CPU
		{D82DD468-350B-4BB2-B664-B9B6B358234A}.Debug|Any CPU.ActiveCfg = Debug|Any CPU
		{D82DD468-350B-4BB2-B664-B9B6B358234A}.Debug|Any CPU.Build.0 = Debug|Any CPU
		{D82DD468-350B-4BB2-B664-B9B6B358234A}.Release|Any CPU.ActiveCfg = Release|Any CPU
		{D82DD468-350B-4BB2-B664-B9B6B358234A}.Release|Any CPU.Build.0 = Release|Any CPU
	EndGlobalSection
EndGlobal
